
Microsoft Visual Studio Solution File, Format Version 12.00
# Visual Studio 15
Project("{FAE04EC0-301F-11D3-BF4B-00C04F79EFBC}") = "Assembly-CSharp", "Assembly-CSharp.csproj", "{DDA17B77-53CB-37FA-1BE3-6285852317F5}"
EndProject
Project("{FAE04EC0-301F-11D3-BF4B-00C04F79EFBC}") = "UnityEngine.UI", "UnityEngine.UI.csproj", "{396CC0F8-B155-0DFA-EE4E-ED1268F72E88}"
EndProject
Project("{FAE04EC0-301F-11D3-BF4B-00C04F79EFBC}") = "UnityEditor.UI", "UnityEditor.UI.csproj", "{FA0D6417-7725-CA69-3037-F16F4B5D720D}"
EndProject
Project("{FAE04EC0-301F-11D3-BF4B-00C04F79EFBC}") = "Assembly-CSharp-Editor", "Assembly-CSharp-Editor.csproj", "{451DCB9E-BAC8-0C18-CD1F-7F459A873CE0}"
EndProject
Global
	GlobalSection(SolutionConfigurationPlatforms) = preSolution
		Debug|Any CPU = Debug|Any CPU
		Release|Any CPU = Release|Any CPU
	EndGlobalSection
	GlobalSection(ProjectConfigurationPlatforms) = postSolution
		{DDA17B77-53CB-37FA-1BE3-6285852317F5}.Debug|Any CPU.ActiveCfg = Debug|Any CPU
		{DDA17B77-53CB-37FA-1BE3-6285852317F5}.Debug|Any CPU.Build.0 = Debug|Any CPU
		{DDA17B77-53CB-37FA-1BE3-6285852317F5}.Release|Any CPU.ActiveCfg = Release|Any CPU
		{DDA17B77-53CB-37FA-1BE3-6285852317F5}.Release|Any CPU.Build.0 = Release|Any CPU
		{396CC0F8-B155-0DFA-EE4E-ED1268F72E88}.Debug|Any CPU.ActiveCfg = Debug|Any CPU
		{396CC0F8-B155-0DFA-EE4E-ED1268F72E88}.Debug|Any CPU.Build.0 = Debug|Any CPU
		{396CC0F8-B155-0DFA-EE4E-ED1268F72E88}.Release|Any CPU.ActiveCfg = Release|Any CPU
		{396CC0F8-B155-0DFA-EE4E-ED1268F72E88}.Release|Any CPU.Build.0 = Release|Any CPU
		{FA0D6417-7725-CA69-3037-F16F4B5D720D}.Debug|Any CPU.ActiveCfg = Debug|Any CPU
		{FA0D6417-7725-CA69-3037-F16F4B5D720D}.Debug|Any CPU.Build.0 = Debug|Any CPU
		{FA0D6417-7725-CA69-3037-F16F4B5D720D}.Release|Any CPU.ActiveCfg = Release|Any CPU
		{FA0D6417-7725-CA69-3037-F16F4B5D720D}.Release|Any CPU.Build.0 = Release|Any CPU
		{451DCB9E-BAC8-0C18-CD1F-7F459A873CE0}.Debug|Any CPU.ActiveCfg = Debug|Any CPU
		{451DCB9E-BAC8-0C18-CD1F-7F459A873CE0}.Debug|Any CPU.Build.0 = Debug|Any CPU
		{451DCB9E-BAC8-0C18-CD1F-7F459A873CE0}.Release|Any CPU.ActiveCfg = Release|Any CPU
		{451DCB9E-BAC8-0C18-CD1F-7F459A873CE0}.Release|Any CPU.Build.0 = Release|Any CPU
	EndGlobalSection
	GlobalSection(SolutionProperties) = preSolution
		HideSolutionNode = FALSE
	EndGlobalSection
EndGlobal
